
Microsoft Visual Studio Solution File, Format Version 11.00
# Visual Studio 2010
Project("{FAE04EC0-301F-11D3-BF4B-00C04F79EFBC}") = "UnityEngine.UI", "UnityEngine.UI.csproj", "{f35856a1-1404-22eb-8692-d12f5eb4d22f}"
EndProject
Project("{FAE04EC0-301F-11D3-BF4B-00C04F79EFBC}") = "Assembly-CSharp", "Assembly-CSharp.csproj", "{dc4923f7-f598-cf9f-5803-f52d518f644c}"
EndProject
Project("{FAE04EC0-301F-11D3-BF4B-00C04F79EFBC}") = "UnityEditor.UI", "UnityEditor.UI.csproj", "{d5a495fb-0141-49e3-6314-918df77b7102}"
EndProject
Global
	GlobalSection(SolutionConfigurationPlatforms) = preSolution
		Debug|Any CPU = Debug|Any CPU
	EndGlobalSection
	GlobalSection(ProjectConfigurationPlatforms) = postSolution
		{f35856a1-1404-22eb-8692-d12f5eb4d22f}.Debug|Any CPU.ActiveCfg = Debug|Any CPU
		{f35856a1-1404-22eb-8692-d12f5eb4d22f}.Debug|Any CPU.Build.0 = Debug|Any CPU
		{dc4923f7-f598-cf9f-5803-f52d518f644c}.Debug|Any CPU.ActiveCfg = Debug|Any CPU
		{dc4923f7-f598-cf9f-5803-f52d518f644c}.Debug|Any CPU.Build.0 = Debug|Any CPU
		{d5a495fb-0141-49e3-6314-918df77b7102}.Debug|Any CPU.ActiveCfg = Debug|Any CPU
		{d5a495fb-0141-49e3-6314-918df77b7102}.Debug|Any CPU.Build.0 = Debug|Any CPU
	EndGlobalSection
	GlobalSection(SolutionProperties) = preSolution
		HideSolutionNode = FALSE
	EndGlobalSection
EndGlobal
